
Microsoft Visual Studio Solution File, Format Version 12.00
# Visual Studio Version 17
VisualStudioVersion = 17.3.32901.215
MinimumVisualStudioVersion = 10.0.40219.1
Project("{9A19103F-16F7-4668-BE54-9A1E7A4F7556}") = "EmployeeManagement", "EmployeeManagement\EmployeeManagement.csproj", "{DAFF6550-2024-4F2C-9A5C-8D689BA5181C}"
EndProject
Project("{9A19103F-16F7-4668-BE54-9A1E7A4F7556}") = "ModelLayer", "ModelLayer\ModelLayer.csproj", "{94711BBA-CE2A-48EE-B21F-ACF3B7C726B4}"
EndProject
Project("{9A19103F-16F7-4668-BE54-9A1E7A4F7556}") = "BussinessLayer", "BussinessLayer\BussinessLayer.csproj", "{44E56E7C-7485-4E15-A449-AAAD5F3E48F8}"
EndProject
Project("{9A19103F-16F7-4668-BE54-9A1E7A4F7556}") = "RepositoryLayer", "RepositoryLayer\RepositoryLayer.csproj", "{760B2A91-ED1C-4EB6-ACA9-DE732B2B7CFC}"
EndProject
Project("{9A19103F-16F7-4668-BE54-9A1E7A4F7556}") = "UIUXLayer", "UIUXLayer\UIUXLayer.csproj", "{E0980156-164D-40D8-A434-893D63F7E030}"
EndProject
Project("{FAE04EC0-301F-11D3-BF4B-00C04F79EFBC}") = "AssetsLibrary", "AssetsLibrary\AssetsLibrary.csproj", "{70919E67-FF26-4C3E-AC02-5C2CB1A89245}"
EndProject
Global
	GlobalSection(SolutionConfigurationPlatforms) = preSolution
		Debug|Any CPU = Debug|Any CPU
		Release|Any CPU = Release|Any CPU
	EndGlobalSection
	GlobalSection(ProjectConfigurationPlatforms) = postSolution
		{DAFF6550-2024-4F2C-9A5C-8D689BA5181C}.Debug|Any CPU.ActiveCfg = Debug|Any CPU
		{DAFF6550-2024-4F2C-9A5C-8D689BA5181C}.Debug|Any CPU.Build.0 = Debug|Any CPU
		{DAFF6550-2024-4F2C-9A5C-8D689BA5181C}.Release|Any CPU.ActiveCfg = Release|Any CPU
		{DAFF6550-2024-4F2C-9A5C-8D689BA5181C}.Release|Any CPU.Build.0 = Release|Any CPU
		{94711BBA-CE2A-48EE-B21F-ACF3B7C726B4}.Debug|Any CPU.ActiveCfg = Debug|Any CPU
		{94711BBA-CE2A-48EE-B21F-ACF3B7C726B4}.Debug|Any CPU.Build.0 = Debug|Any CPU
		{94711BBA-CE2A-48EE-B21F-ACF3B7C726B4}.Release|Any CPU.ActiveCfg = Release|Any CPU
		{94711BBA-CE2A-48EE-B21F-ACF3B7C726B4}.Release|Any CPU.Build.0 = Release|Any CPU
		{44E56E7C-7485-4E15-A449-AAAD5F3E48F8}.Debug|Any CPU.ActiveCfg = Debug|Any CPU
		{44E56E7C-7485-4E15-A449-AAAD5F3E48F8}.Debug|Any CPU.Build.0 = Debug|Any CPU
		{44E56E7C-7485-4E15-A449-AAAD5F3E48F8}.Release|Any CPU.ActiveCfg = Release|Any CPU
		{44E56E7C-7485-4E15-A449-AAAD5F3E48F8}.Release|Any CPU.Build.0 = Release|Any CPU
		{760B2A91-ED1C-4EB6-ACA9-DE732B2B7CFC}.Debug|Any CPU.ActiveCfg = Debug|Any CPU
		{760B2A91-ED1C-4EB6-ACA9-DE732B2B7CFC}.Debug|Any CPU.Build.0 = Debug|Any CPU
		{760B2A91-ED1C-4EB6-ACA9-DE732B2B7CFC}.Release|Any CPU.ActiveCfg = Release|Any CPU
		{760B2A91-ED1C-4EB6-ACA9-DE732B2B7CFC}.Release|Any CPU.Build.0 = Release|Any CPU
		{E0980156-164D-40D8-A434-893D63F7E030}.Debug|Any CPU.ActiveCfg = Debug|Any CPU
		{E0980156-164D-40D8-A434-893D63F7E030}.Debug|Any CPU.Build.0 = Debug|Any CPU
		{E0980156-164D-40D8-A434-893D63F7E030}.Release|Any CPU.ActiveCfg = Release|Any CPU
		{E0980156-164D-40D8-A434-893D63F7E030}.Release|Any CPU.Build.0 = Release|Any CPU
		{70919E67-FF26-4C3E-AC02-5C2CB1A89245}.Debug|Any CPU.ActiveCfg = Debug|Any CPU
		{70919E67-FF26-4C3E-AC02-5C2CB1A89245}.Debug|Any CPU.Build.0 = Debug|Any CPU
		{70919E67-FF26-4C3E-AC02-5C2CB1A89245}.Release|Any CPU.ActiveCfg = Release|Any CPU
		{70919E67-FF26-4C3E-AC02-5C2CB1A89245}.Release|Any CPU.Build.0 = Release|Any CPU
	EndGlobalSection
	GlobalSection(SolutionProperties) = preSolution
		HideSolutionNode = FALSE
	EndGlobalSection
	GlobalSection(ExtensibilityGlobals) = postSolution
		SolutionGuid = {E2E91365-D20D-4E81-8A75-7320A6F15036}
	EndGlobalSection
EndGlobal
